// !$*UTF8*$!
{
	archiveVersion = 1;
	classes = {
	};
	objectVersion = 46;
	objects = {

/* Begin PBXBuildFile section */
		681BC00B1E99EE5000E0DD00 /* ProfileViewController.swift in Sources */ = {isa = PBXBuildFile; fileRef = 681BC00A1E99EE5000E0DD00 /* ProfileViewController.swift */; };
		68303BEF1E885F85008210D5 /* ScanQRCodeViewController.swift in Sources */ = {isa = PBXBuildFile; fileRef = 68303BEE1E885F85008210D5 /* ScanQRCodeViewController.swift */; };
		683BA7221E9056AB008C6F3E /* DesignableUITextField.swift in Sources */ = {isa = PBXBuildFile; fileRef = 683BA7211E9056AB008C6F3E /* DesignableUITextField.swift */; };
		683BA7241E9065F5008C6F3E /* HideKeyBoard.swift in Sources */ = {isa = PBXBuildFile; fileRef = 683BA7231E9065F5008C6F3E /* HideKeyBoard.swift */; };
		6855DC931E7B8E1D00C5253F /* Model1.xcdatamodeld in Sources */ = {isa = PBXBuildFile; fileRef = 6855DC911E7B8E1D00C5253F /* Model1.xcdatamodeld */; };
		685F207B1E71177F00D2097E /* RatingControl.swift in Sources */ = {isa = PBXBuildFile; fileRef = 685F207A1E71177F00D2097E /* RatingControl.swift */; };
		685F207F1E72604200D2097E /* MealTableViewCell.swift in Sources */ = {isa = PBXBuildFile; fileRef = 685F207E1E72604200D2097E /* MealTableViewCell.swift */; };
		685F20811E72660C00D2097E /* MealTableViewController.swift in Sources */ = {isa = PBXBuildFile; fileRef = 685F20801E72660C00D2097E /* MealTableViewController.swift */; };
		687B40311E8211B60006B656 /* Meal+CoreDataClass.swift in Sources */ = {isa = PBXBuildFile; fileRef = 687B402F1E8211B60006B656 /* Meal+CoreDataClass.swift */; };
		687B40321E8211B60006B656 /* Meal+CoreDataProperties.swift in Sources */ = {isa = PBXBuildFile; fileRef = 687B40301E8211B60006B656 /* Meal+CoreDataProperties.swift */; };
		687B40341E821C630006B656 /* CoreDataTableViewController.swift in Sources */ = {isa = PBXBuildFile; fileRef = 687B40331E821C630006B656 /* CoreDataTableViewController.swift */; };
		687B40361E821C920006B656 /* temp.swift in Sources */ = {isa = PBXBuildFile; fileRef = 687B40351E821C920006B656 /* temp.swift */; };
		68A565F21E9A95C000B2A327 /* ProfileTableViewController.swift in Sources */ = {isa = PBXBuildFile; fileRef = 68A565F11E9A95C000B2A327 /* ProfileTableViewController.swift */; };
		68A7CF0F1E70D6170043EAE3 /* AppDelegate.swift in Sources */ = {isa = PBXBuildFile; fileRef = 68A7CF0E1E70D6170043EAE3 /* AppDelegate.swift */; };
		68A7CF111E70D6170043EAE3 /* MealViewController.swift in Sources */ = {isa = PBXBuildFile; fileRef = 68A7CF101E70D6170043EAE3 /* MealViewController.swift */; };
		68A7CF191E70D6170043EAE3 /* Assets.xcassets in Resources */ = {isa = PBXBuildFile; fileRef = 68A7CF181E70D6170043EAE3 /* Assets.xcassets */; };
		68A7CF1C1E70D6170043EAE3 /* LaunchScreen.storyboard in Resources */ = {isa = PBXBuildFile; fileRef = 68A7CF1A1E70D6170043EAE3 /* LaunchScreen.storyboard */; };
		68A7CF271E70D6170043EAE3 /* AppleTutorialTests.swift in Sources */ = {isa = PBXBuildFile; fileRef = 68A7CF261E70D6170043EAE3 /* AppleTutorialTests.swift */; };
		68A7CF321E70D6170043EAE3 /* AppleTutorialUITests.swift in Sources */ = {isa = PBXBuildFile; fileRef = 68A7CF311E70D6170043EAE3 /* AppleTutorialUITests.swift */; };
		68A9CB6E1E998CE800149E9C /* Main.storyboard in Resources */ = {isa = PBXBuildFile; fileRef = 68A9CB6D1E998CE800149E9C /* Main.storyboard */; };
		68A9CB701E998DF900149E9C /* ScannedResultViewController.swift in Sources */ = {isa = PBXBuildFile; fileRef = 68A9CB6F1E998DF900149E9C /* ScannedResultViewController.swift */; };
		68BD294F1E97381700BC378E /* ProductTableViewCell.swift in Sources */ = {isa = PBXBuildFile; fileRef = 68BD294E1E97381700BC378E /* ProductTableViewCell.swift */; };
		68CA26D51E95C05B00FE09D3 /* ShopTableViewController.swift in Sources */ = {isa = PBXBuildFile; fileRef = 68CA26D41E95C05B00FE09D3 /* ShopTableViewController.swift */; };
		68CA26D81E95C24000FE09D3 /* Product.swift in Sources */ = {isa = PBXBuildFile; fileRef = 68CA26D71E95C24000FE09D3 /* Product.swift */; };
		68CA26DA1E95C53F00FE09D3 /* ProductRepo.swift in Sources */ = {isa = PBXBuildFile; fileRef = 68CA26D91E95C53F00FE09D3 /* ProductRepo.swift */; };
		68EB00AF1E81FA140079298B /* CoreDataManager.swift in Sources */ = {isa = PBXBuildFile; fileRef = 68EB00AE1E81FA140079298B /* CoreDataManager.swift */; };
		68F1750B1E904610000940E0 /* LoginViewController.swift in Sources */ = {isa = PBXBuildFile; fileRef = 68F1750A1E904610000940E0 /* LoginViewController.swift */; };
		B7338C51233871DFD7708B20 /* Pods_AppleTutorial.framework in Frameworks */ = {isa = PBXBuildFile; fileRef = F5AFE9AC6E267BB1008AC000 /* Pods_AppleTutorial.framework */; };
/* End PBXBuildFile section */

/* Begin PBXBuildRule section */
		687B402E1E8210B60006B656 /* PBXBuildRule */ = {
			isa = PBXBuildRule;
			compilerSpec = com.apple.compilers.proxy.script;
			fileType = wrapper.xcmappingmodel;
			isEditable = 1;
			outputFiles = (
			);
			script = "# mapc\n";
		};
/* End PBXBuildRule section */

/* Begin PBXContainerItemProxy section */
		68A7CF231E70D6170043EAE3 /* PBXContainerItemProxy */ = {
			isa = PBXContainerItemProxy;
			containerPortal = 68A7CF031E70D6170043EAE3 /* Project object */;
			proxyType = 1;
			remoteGlobalIDString = 68A7CF0A1E70D6170043EAE3;
			remoteInfo = AppleTutorial;
		};
		68A7CF2E1E70D6170043EAE3 /* PBXContainerItemProxy */ = {
			isa = PBXContainerItemProxy;
			containerPortal = 68A7CF031E70D6170043EAE3 /* Project object */;
			proxyType = 1;
			remoteGlobalIDString = 68A7CF0A1E70D6170043EAE3;
			remoteInfo = AppleTutorial;
		};
/* End PBXContainerItemProxy section */

/* Begin PBXFileReference section */
		681BC00A1E99EE5000E0DD00 /* ProfileViewController.swift */ = {isa = PBXFileReference; fileEncoding = 4; lastKnownFileType = sourcecode.swift; path = ProfileViewController.swift; sourceTree = "<group>"; };
		68303BEE1E885F85008210D5 /* ScanQRCodeViewController.swift */ = {isa = PBXFileReference; fileEncoding = 4; lastKnownFileType = sourcecode.swift; path = ScanQRCodeViewController.swift; sourceTree = "<group>"; };
		683BA7211E9056AB008C6F3E /* DesignableUITextField.swift */ = {isa = PBXFileReference; fileEncoding = 4; lastKnownFileType = sourcecode.swift; path = DesignableUITextField.swift; sourceTree = "<group>"; };
		683BA7231E9065F5008C6F3E /* HideKeyBoard.swift */ = {isa = PBXFileReference; fileEncoding = 4; lastKnownFileType = sourcecode.swift; path = HideKeyBoard.swift; sourceTree = "<group>"; };
		6855DC921E7B8E1D00C5253F /* Model1.xcdatamodel */ = {isa = PBXFileReference; lastKnownFileType = wrapper.xcdatamodel; path = Model1.xcdatamodel; sourceTree = "<group>"; };
		685F207A1E71177F00D2097E /* RatingControl.swift */ = {isa = PBXFileReference; fileEncoding = 4; lastKnownFileType = sourcecode.swift; name = RatingControl.swift; path = ../RatingControl.swift; sourceTree = "<group>"; };
		685F207E1E72604200D2097E /* MealTableViewCell.swift */ = {isa = PBXFileReference; fileEncoding = 4; lastKnownFileType = sourcecode.swift; path = MealTableViewCell.swift; sourceTree = "<group>"; };
		685F20801E72660C00D2097E /* MealTableViewController.swift */ = {isa = PBXFileReference; fileEncoding = 4; lastKnownFileType = sourcecode.swift; path = MealTableViewController.swift; sourceTree = "<group>"; };
		687B402F1E8211B60006B656 /* Meal+CoreDataClass.swift */ = {isa = PBXFileReference; fileEncoding = 4; lastKnownFileType = sourcecode.swift; path = "Meal+CoreDataClass.swift"; sourceTree = "<group>"; };
		687B40301E8211B60006B656 /* Meal+CoreDataProperties.swift */ = {isa = PBXFileReference; fileEncoding = 4; lastKnownFileType = sourcecode.swift; path = "Meal+CoreDataProperties.swift"; sourceTree = "<group>"; };
		687B40331E821C630006B656 /* CoreDataTableViewController.swift */ = {isa = PBXFileReference; fileEncoding = 4; lastKnownFileType = sourcecode.swift; path = CoreDataTableViewController.swift; sourceTree = "<group>"; };
		687B40351E821C920006B656 /* temp.swift */ = {isa = PBXFileReference; fileEncoding = 4; lastKnownFileType = sourcecode.swift; path = temp.swift; sourceTree = "<group>"; };
		68A565F11E9A95C000B2A327 /* ProfileTableViewController.swift */ = {isa = PBXFileReference; fileEncoding = 4; lastKnownFileType = sourcecode.swift; path = ProfileTableViewController.swift; sourceTree = "<group>"; };
		68A7CF0B1E70D6170043EAE3 /* AppleTutorial.app */ = {isa = PBXFileReference; explicitFileType = wrapper.application; includeInIndex = 0; path = AppleTutorial.app; sourceTree = BUILT_PRODUCTS_DIR; };
		68A7CF0E1E70D6170043EAE3 /* AppDelegate.swift */ = {isa = PBXFileReference; lastKnownFileType = sourcecode.swift; path = AppDelegate.swift; sourceTree = "<group>"; };
		68A7CF101E70D6170043EAE3 /* MealViewController.swift */ = {isa = PBXFileReference; lastKnownFileType = sourcecode.swift; path = MealViewController.swift; sourceTree = "<group>"; };
		68A7CF181E70D6170043EAE3 /* Assets.xcassets */ = {isa = PBXFileReference; lastKnownFileType = folder.assetcatalog; path = Assets.xcassets; sourceTree = "<group>"; };
		68A7CF1B1E70D6170043EAE3 /* Base */ = {isa = PBXFileReference; lastKnownFileType = file.storyboard; name = Base; path = Base.lproj/LaunchScreen.storyboard; sourceTree = "<group>"; };
		68A7CF1D1E70D6170043EAE3 /* Info.plist */ = {isa = PBXFileReference; lastKnownFileType = text.plist.xml; path = Info.plist; sourceTree = "<group>"; };
		68A7CF221E70D6170043EAE3 /* AppleTutorialTests.xctest */ = {isa = PBXFileReference; explicitFileType = wrapper.cfbundle; includeInIndex = 0; path = AppleTutorialTests.xctest; sourceTree = BUILT_PRODUCTS_DIR; };
		68A7CF261E70D6170043EAE3 /* AppleTutorialTests.swift */ = {isa = PBXFileReference; lastKnownFileType = sourcecode.swift; path = AppleTutorialTests.swift; sourceTree = "<group>"; };
		68A7CF281E70D6170043EAE3 /* Info.plist */ = {isa = PBXFileReference; lastKnownFileType = text.plist.xml; path = Info.plist; sourceTree = "<group>"; };
		68A7CF2D1E70D6170043EAE3 /* AppleTutorialUITests.xctest */ = {isa = PBXFileReference; explicitFileType = wrapper.cfbundle; includeInIndex = 0; path = AppleTutorialUITests.xctest; sourceTree = BUILT_PRODUCTS_DIR; };
		68A7CF311E70D6170043EAE3 /* AppleTutorialUITests.swift */ = {isa = PBXFileReference; lastKnownFileType = sourcecode.swift; path = AppleTutorialUITests.swift; sourceTree = "<group>"; };
		68A7CF331E70D6170043EAE3 /* Info.plist */ = {isa = PBXFileReference; lastKnownFileType = text.plist.xml; path = Info.plist; sourceTree = "<group>"; };
		68A9CB6D1E998CE800149E9C /* Main.storyboard */ = {isa = PBXFileReference; fileEncoding = 4; lastKnownFileType = file.storyboard; path = Main.storyboard; sourceTree = "<group>"; };
		68A9CB6F1E998DF900149E9C /* ScannedResultViewController.swift */ = {isa = PBXFileReference; fileEncoding = 4; lastKnownFileType = sourcecode.swift; path = ScannedResultViewController.swift; sourceTree = "<group>"; };
		68A9CB711E99969900149E9C /* AVFoundation.framework */ = {isa = PBXFileReference; lastKnownFileType = wrapper.framework; name = AVFoundation.framework; path = System/Library/Frameworks/AVFoundation.framework; sourceTree = SDKROOT; };
		68BD294E1E97381700BC378E /* ProductTableViewCell.swift */ = {isa = PBXFileReference; fileEncoding = 4; lastKnownFileType = sourcecode.swift; path = ProductTableViewCell.swift; sourceTree = "<group>"; };
		68CA26D41E95C05B00FE09D3 /* ShopTableViewController.swift */ = {isa = PBXFileReference; fileEncoding = 4; lastKnownFileType = sourcecode.swift; path = ShopTableViewController.swift; sourceTree = "<group>"; };
		68CA26D71E95C24000FE09D3 /* Product.swift */ = {isa = PBXFileReference; fileEncoding = 4; lastKnownFileType = sourcecode.swift; path = Product.swift; sourceTree = "<group>"; };
		68CA26D91E95C53F00FE09D3 /* ProductRepo.swift */ = {isa = PBXFileReference; fileEncoding = 4; lastKnownFileType = sourcecode.swift; path = ProductRepo.swift; sourceTree = "<group>"; };
		68EB00AE1E81FA140079298B /* CoreDataManager.swift */ = {isa = PBXFileReference; fileEncoding = 4; lastKnownFileType = sourcecode.swift; path = CoreDataManager.swift; sourceTree = "<group>"; };
		68F1750A1E904610000940E0 /* LoginViewController.swift */ = {isa = PBXFileReference; fileEncoding = 4; lastKnownFileType = sourcecode.swift; path = LoginViewController.swift; sourceTree = "<group>"; };
		8A4C388DA1002DAA728BD051 /* Pods-AppleTutorial.debug.xcconfig */ = {isa = PBXFileReference; includeInIndex = 1; lastKnownFileType = text.xcconfig; name = "Pods-AppleTutorial.debug.xcconfig"; path = "Pods/Target Support Files/Pods-AppleTutorial/Pods-AppleTutorial.debug.xcconfig"; sourceTree = "<group>"; };
		C220CA86166D4C17414A33E5 /* Pods-AppleTutorial.release.xcconfig */ = {isa = PBXFileReference; includeInIndex = 1; lastKnownFileType = text.xcconfig; name = "Pods-AppleTutorial.release.xcconfig"; path = "Pods/Target Support Files/Pods-AppleTutorial/Pods-AppleTutorial.release.xcconfig"; sourceTree = "<group>"; };
		F5AFE9AC6E267BB1008AC000 /* Pods_AppleTutorial.framework */ = {isa = PBXFileReference; explicitFileType = wrapper.framework; includeInIndex = 0; path = Pods_AppleTutorial.framework; sourceTree = BUILT_PRODUCTS_DIR; };
/* End PBXFileReference section */

/* Begin PBXFrameworksBuildPhase section */
		68A7CF081E70D6170043EAE3 /* Frameworks */ = {
			isa = PBXFrameworksBuildPhase;
			buildActionMask = 2147483647;
			files = (
				B7338C51233871DFD7708B20 /* Pods_AppleTutorial.framework in Frameworks */,
			);
			runOnlyForDeploymentPostprocessing = 0;
		};
		68A7CF1F1E70D6170043EAE3 /* Frameworks */ = {
			isa = PBXFrameworksBuildPhase;
			buildActionMask = 2147483647;
			files = (
			);
			runOnlyForDeploymentPostprocessing = 0;
		};
		68A7CF2A1E70D6170043EAE3 /* Frameworks */ = {
			isa = PBXFrameworksBuildPhase;
			buildActionMask = 2147483647;
			files = (
			);
			runOnlyForDeploymentPostprocessing = 0;
		};
/* End PBXFrameworksBuildPhase section */

/* Begin PBXGroup section */
		54F81696CDC8A9047EA46949 /* Pods */ = {
			isa = PBXGroup;
			children = (
				8A4C388DA1002DAA728BD051 /* Pods-AppleTutorial.debug.xcconfig */,
				C220CA86166D4C17414A33E5 /* Pods-AppleTutorial.release.xcconfig */,
			);
			name = Pods;
			sourceTree = "<group>";
		};
		67A177BE1B07FA410EE9AFAA /* Frameworks */ = {
			isa = PBXGroup;
			children = (
				F5AFE9AC6E267BB1008AC000 /* Pods_AppleTutorial.framework */,
				68A9CB711E99969900149E9C /* AVFoundation.framework */,
			);
			name = Frameworks;
			sourceTree = "<group>";
		};
		68303BED1E885F4A008210D5 /* Controllers */ = {
			isa = PBXGroup;
			children = (
				68A7CF101E70D6170043EAE3 /* MealViewController.swift */,
				685F20801E72660C00D2097E /* MealTableViewController.swift */,
				68303BEE1E885F85008210D5 /* ScanQRCodeViewController.swift */,
				68F1750A1E904610000940E0 /* LoginViewController.swift */,
				68CA26D41E95C05B00FE09D3 /* ShopTableViewController.swift */,
				68A9CB6F1E998DF900149E9C /* ScannedResultViewController.swift */,
				681BC00A1E99EE5000E0DD00 /* ProfileViewController.swift */,
				68A565F11E9A95C000B2A327 /* ProfileTableViewController.swift */,
			);
			name = Controllers;
			sourceTree = "<group>";
		};
		683BA71D1E905637008C6F3E /* Extension */ = {
			isa = PBXGroup;
			children = (
				683BA7231E9065F5008C6F3E /* HideKeyBoard.swift */,
			);
			name = Extension;
			sourceTree = "<group>";
		};
		683BA71E1E90564D008C6F3E /* View */ = {
			isa = PBXGroup;
			children = (
				683BA7211E9056AB008C6F3E /* DesignableUITextField.swift */,
				68BD294E1E97381700BC378E /* ProductTableViewCell.swift */,
			);
			name = View;
			sourceTree = "<group>";
		};
		68A7CF021E70D6170043EAE3 = {
			isa = PBXGroup;
			children = (
				68A7CF0D1E70D6170043EAE3 /* AppleTutorial */,
				68A7CF251E70D6170043EAE3 /* AppleTutorialTests */,
				68A7CF301E70D6170043EAE3 /* AppleTutorialUITests */,
				68A7CF0C1E70D6170043EAE3 /* Products */,
				54F81696CDC8A9047EA46949 /* Pods */,
				67A177BE1B07FA410EE9AFAA /* Frameworks */,
			);
			sourceTree = "<group>";
		};
		68A7CF0C1E70D6170043EAE3 /* Products */ = {
			isa = PBXGroup;
			children = (
				68A7CF0B1E70D6170043EAE3 /* AppleTutorial.app */,
				68A7CF221E70D6170043EAE3 /* AppleTutorialTests.xctest */,
				68A7CF2D1E70D6170043EAE3 /* AppleTutorialUITests.xctest */,
			);
			name = Products;
			sourceTree = "<group>";
		};
		68A7CF0D1E70D6170043EAE3 /* AppleTutorial */ = {
			isa = PBXGroup;
			children = (
				68CA26D61E95C22D00FE09D3 /* Model */,
				683BA71E1E90564D008C6F3E /* View */,
				683BA71D1E905637008C6F3E /* Extension */,
				68303BED1E885F4A008210D5 /* Controllers */,
				68EB00B01E81FA2D0079298B /* CoreData */,
				68A7CF0E1E70D6170043EAE3 /* AppDelegate.swift */,
				685F207A1E71177F00D2097E /* RatingControl.swift */,
				685F207E1E72604200D2097E /* MealTableViewCell.swift */,
				68A7CF181E70D6170043EAE3 /* Assets.xcassets */,
				68A7CF1A1E70D6170043EAE3 /* LaunchScreen.storyboard */,
				68A9CB6D1E998CE800149E9C /* Main.storyboard */,
				68A7CF1D1E70D6170043EAE3 /* Info.plist */,
			);
			path = AppleTutorial;
			sourceTree = "<group>";
		};
		68A7CF251E70D6170043EAE3 /* AppleTutorialTests */ = {
			isa = PBXGroup;
			children = (
				68A7CF261E70D6170043EAE3 /* AppleTutorialTests.swift */,
				68A7CF281E70D6170043EAE3 /* Info.plist */,
			);
			path = AppleTutorialTests;
			sourceTree = "<group>";
		};
		68A7CF301E70D6170043EAE3 /* AppleTutorialUITests */ = {
			isa = PBXGroup;
			children = (
				68A7CF311E70D6170043EAE3 /* AppleTutorialUITests.swift */,
				68A7CF331E70D6170043EAE3 /* Info.plist */,
			);
			path = AppleTutorialUITests;
			sourceTree = "<group>";
		};
		68CA26D61E95C22D00FE09D3 /* Model */ = {
			isa = PBXGroup;
			children = (
				68CA26D71E95C24000FE09D3 /* Product.swift */,
				68CA26D91E95C53F00FE09D3 /* ProductRepo.swift */,
			);
			name = Model;
			sourceTree = "<group>";
		};
		68EB00B01E81FA2D0079298B /* CoreData */ = {
			isa = PBXGroup;
			children = (
				687B402F1E8211B60006B656 /* Meal+CoreDataClass.swift */,
				687B40301E8211B60006B656 /* Meal+CoreDataProperties.swift */,
				6855DC911E7B8E1D00C5253F /* Model1.xcdatamodeld */,
				68EB00AE1E81FA140079298B /* CoreDataManager.swift */,
				687B40331E821C630006B656 /* CoreDataTableViewController.swift */,
				687B40351E821C920006B656 /* temp.swift */,
			);
			name = CoreData;
			sourceTree = "<group>";
		};
/* End PBXGroup section */

/* Begin PBXNativeTarget section */
		68A7CF0A1E70D6170043EAE3 /* AppleTutorial */ = {
			isa = PBXNativeTarget;
			buildConfigurationList = 68A7CF361E70D6170043EAE3 /* Build configuration list for PBXNativeTarget "AppleTutorial" */;
			buildPhases = (
				1D58A0101CBE9B1AFB3FE7EE /* [CP] Check Pods Manifest.lock */,
				68A7CF071E70D6170043EAE3 /* Sources */,
				68A7CF081E70D6170043EAE3 /* Frameworks */,
				68A7CF091E70D6170043EAE3 /* Resources */,
				C12B260ADF3688435827A3DF /* [CP] Embed Pods Frameworks */,
				67CB2165DB136B222D359A06 /* [CP] Copy Pods Resources */,
			);
			buildRules = (
				687B402E1E8210B60006B656 /* PBXBuildRule */,
			);
			dependencies = (
			);
			name = AppleTutorial;
			productName = AppleTutorial;
			productReference = 68A7CF0B1E70D6170043EAE3 /* AppleTutorial.app */;
			productType = "com.apple.product-type.application";
		};
		68A7CF211E70D6170043EAE3 /* AppleTutorialTests */ = {
			isa = PBXNativeTarget;
			buildConfigurationList = 68A7CF391E70D6170043EAE3 /* Build configuration list for PBXNativeTarget "AppleTutorialTests" */;
			buildPhases = (
				68A7CF1E1E70D6170043EAE3 /* Sources */,
				68A7CF1F1E70D6170043EAE3 /* Frameworks */,
				68A7CF201E70D6170043EAE3 /* Resources */,
			);
			buildRules = (
			);
			dependencies = (
				68A7CF241E70D6170043EAE3 /* PBXTargetDependency */,
			);
			name = AppleTutorialTests;
			productName = AppleTutorialTests;
			productReference = 68A7CF221E70D6170043EAE3 /* AppleTutorialTests.xctest */;
			productType = "com.apple.product-type.bundle.unit-test";
		};
		68A7CF2C1E70D6170043EAE3 /* AppleTutorialUITests */ = {
			isa = PBXNativeTarget;
			buildConfigurationList = 68A7CF3C1E70D6170043EAE3 /* Build configuration list for PBXNativeTarget "AppleTutorialUITests" */;
			buildPhases = (
				68A7CF291E70D6170043EAE3 /* Sources */,
				68A7CF2A1E70D6170043EAE3 /* Frameworks */,
				68A7CF2B1E70D6170043EAE3 /* Resources */,
			);
			buildRules = (
			);
			dependencies = (
				68A7CF2F1E70D6170043EAE3 /* PBXTargetDependency */,
			);
			name = AppleTutorialUITests;
			productName = AppleTutorialUITests;
			productReference = 68A7CF2D1E70D6170043EAE3 /* AppleTutorialUITests.xctest */;
			productType = "com.apple.product-type.bundle.ui-testing";
		};
/* End PBXNativeTarget section */

/* Begin PBXProject section */
		68A7CF031E70D6170043EAE3 /* Project object */ = {
			isa = PBXProject;
			attributes = {
				LastSwiftUpdateCheck = 0820;
				LastUpgradeCheck = 0820;
				ORGANIZATIONNAME = "Min thu Kyaw";
				TargetAttributes = {
					68A7CF0A1E70D6170043EAE3 = {
						CreatedOnToolsVersion = 8.2.1;
						DevelopmentTeam = UZBFBMPQ9J;
						ProvisioningStyle = Automatic;
					};
					68A7CF211E70D6170043EAE3 = {
						CreatedOnToolsVersion = 8.2.1;
						DevelopmentTeam = UZBFBMPQ9J;
						ProvisioningStyle = Automatic;
						TestTargetID = 68A7CF0A1E70D6170043EAE3;
					};
					68A7CF2C1E70D6170043EAE3 = {
						CreatedOnToolsVersion = 8.2.1;
						DevelopmentTeam = UZBFBMPQ9J;
						ProvisioningStyle = Automatic;
						TestTargetID = 68A7CF0A1E70D6170043EAE3;
					};
				};
			};
			buildConfigurationList = 68A7CF061E70D6170043EAE3 /* Build configuration list for PBXProject "AppleTutorial" */;
			compatibilityVersion = "Xcode 3.2";
			developmentRegion = English;
			hasScannedForEncodings = 0;
			knownRegions = (
				en,
				Base,
			);
			mainGroup = 68A7CF021E70D6170043EAE3;
			productRefGroup = 68A7CF0C1E70D6170043EAE3 /* Products */;
			projectDirPath = "";
			projectRoot = "";
			targets = (
				68A7CF0A1E70D6170043EAE3 /* AppleTutorial */,
				68A7CF211E70D6170043EAE3 /* AppleTutorialTests */,
				68A7CF2C1E70D6170043EAE3 /* AppleTutorialUITests */,
			);
		};
/* End PBXProject section */

/* Begin PBXResourcesBuildPhase section */
		68A7CF091E70D6170043EAE3 /* Resources */ = {
			isa = PBXResourcesBuildPhase;
			buildActionMask = 2147483647;
			files = (
				68A9CB6E1E998CE800149E9C /* Main.storyboard in Resources */,
				68A7CF1C1E70D6170043EAE3 /* LaunchScreen.storyboard in Resources */,
				68A7CF191E70D6170043EAE3 /* Assets.xcassets in Resources */,
			);
			runOnlyForDeploymentPostprocessing = 0;
		};
		68A7CF201E70D6170043EAE3 /* Resources */ = {
			isa = PBXResourcesBuildPhase;
			buildActionMask = 2147483647;
			files = (
			);
			runOnlyForDeploymentPostprocessing = 0;
		};
		68A7CF2B1E70D6170043EAE3 /* Resources */ = {
			isa = PBXResourcesBuildPhase;
			buildActionMask = 2147483647;
			files = (
			);
			runOnlyForDeploymentPostprocessing = 0;
		};
/* End PBXResourcesBuildPhase section */

/* Begin PBXShellScriptBuildPhase section */
		1D58A0101CBE9B1AFB3FE7EE /* [CP] Check Pods Manifest.lock */ = {
			isa = PBXShellScriptBuildPhase;
			buildActionMask = 2147483647;
			files = (
			);
			inputPaths = (
			);
			name = "[CP] Check Pods Manifest.lock";
			outputPaths = (
			);
			runOnlyForDeploymentPostprocessing = 0;
			shellPath = /bin/sh;
			shellScript = "diff \"${PODS_ROOT}/../Podfile.lock\" \"${PODS_ROOT}/Manifest.lock\" > /dev/null\nif [ $? != 0 ] ; then\n    # print error to STDERR\n    echo \"error: The sandbox is not in sync with the Podfile.lock. Run 'pod install' or update your CocoaPods installation.\" >&2\n    exit 1\nfi\n";
			showEnvVarsInLog = 0;
		};
		67CB2165DB136B222D359A06 /* [CP] Copy Pods Resources */ = {
			isa = PBXShellScriptBuildPhase;
			buildActionMask = 2147483647;
			files = (
			);
			inputPaths = (
			);
			name = "[CP] Copy Pods Resources";
			outputPaths = (
			);
			runOnlyForDeploymentPostprocessing = 0;
			shellPath = /bin/sh;
			shellScript = "\"${SRCROOT}/Pods/Target Support Files/Pods-AppleTutorial/Pods-AppleTutorial-resources.sh\"\n";
			showEnvVarsInLog = 0;
		};
		C12B260ADF3688435827A3DF /* [CP] Embed Pods Frameworks */ = {
			isa = PBXShellScriptBuildPhase;
			buildActionMask = 2147483647;
			files = (
			);
			inputPaths = (
			);
			name = "[CP] Embed Pods Frameworks";
			outputPaths = (
			);
			runOnlyForDeploymentPostprocessing = 0;
			shellPath = /bin/sh;
			shellScript = "\"${SRCROOT}/Pods/Target Support Files/Pods-AppleTutorial/Pods-AppleTutorial-frameworks.sh\"\n";
			showEnvVarsInLog = 0;
		};
/* End PBXShellScriptBuildPhase section */

/* Begin PBXSourcesBuildPhase section */
		68A7CF071E70D6170043EAE3 /* Sources */ = {
			isa = PBXSourcesBuildPhase;
			buildActionMask = 2147483647;
			files = (
				685F207B1E71177F00D2097E /* RatingControl.swift in Sources */,
				685F20811E72660C00D2097E /* MealTableViewController.swift in Sources */,
				68A9CB701E998DF900149E9C /* ScannedResultViewController.swift in Sources */,
				68303BEF1E885F85008210D5 /* ScanQRCodeViewController.swift in Sources */,
				68BD294F1E97381700BC378E /* ProductTableViewCell.swift in Sources */,
				685F207F1E72604200D2097E /* MealTableViewCell.swift in Sources */,
				6855DC931E7B8E1D00C5253F /* Model1.xcdatamodeld in Sources */,
				68CA26D81E95C24000FE09D3 /* Product.swift in Sources */,
				68A7CF111E70D6170043EAE3 /* MealViewController.swift in Sources */,
				687B40321E8211B60006B656 /* Meal+CoreDataProperties.swift in Sources */,
				68EB00AF1E81FA140079298B /* CoreDataManager.swift in Sources */,
				687B40311E8211B60006B656 /* Meal+CoreDataClass.swift in Sources */,
				68CA26D51E95C05B00FE09D3 /* ShopTableViewController.swift in Sources */,
				687B40341E821C630006B656 /* CoreDataTableViewController.swift in Sources */,
				683BA7241E9065F5008C6F3E /* HideKeyBoard.swift in Sources */,
				68CA26DA1E95C53F00FE09D3 /* ProductRepo.swift in Sources */,
				687B40361E821C920006B656 /* temp.swift in Sources */,
				683BA7221E9056AB008C6F3E /* DesignableUITextField.swift in Sources */,
				681BC00B1E99EE5000E0DD00 /* ProfileViewController.swift in Sources */,
				68F1750B1E904610000940E0 /* LoginViewController.swift in Sources */,
				68A565F21E9A95C000B2A327 /* ProfileTableViewController.swift in Sources */,
				68A7CF0F1E70D6170043EAE3 /* AppDelegate.swift in Sources */,
			);
			runOnlyForDeploymentPostprocessing = 0;
		};
		68A7CF1E1E70D6170043EAE3 /* Sources */ = {
			isa = PBXSourcesBuildPhase;
			buildActionMask = 2147483647;
			files = (
				68A7CF271E70D6170043EAE3 /* AppleTutorialTests.swift in Sources */,
			);
			runOnlyForDeploymentPostprocessing = 0;
		};
		68A7CF291E70D6170043EAE3 /* Sources */ = {
			isa = PBXSourcesBuildPhase;
			buildActionMask = 2147483647;
			files = (
				68A7CF321E70D6170043EAE3 /* AppleTutorialUITests.swift in Sources */,
			);
			runOnlyForDeploymentPostprocessing = 0;
		};
/* End PBXSourcesBuildPhase section */

/* Begin PBXTargetDependency section */
		68A7CF241E70D6170043EAE3 /* PBXTargetDependency */ = {
			isa = PBXTargetDependency;
			target = 68A7CF0A1E70D6170043EAE3 /* AppleTutorial */;
			targetProxy = 68A7CF231E70D6170043EAE3 /* PBXContainerItemProxy */;
		};
		68A7CF2F1E70D6170043EAE3 /* PBXTargetDependency */ = {
			isa = PBXTargetDependency;
			target = 68A7CF0A1E70D6170043EAE3 /* AppleTutorial */;
			targetProxy = 68A7CF2E1E70D6170043EAE3 /* PBXContainerItemProxy */;
		};
/* End PBXTargetDependency section */

/* Begin PBXVariantGroup section */
		68A7CF1A1E70D6170043EAE3 /* LaunchScreen.storyboard */ = {
			isa = PBXVariantGroup;
			children = (
				68A7CF1B1E70D6170043EAE3 /* Base */,
			);
			name = LaunchScreen.storyboard;
			sourceTree = "<group>";
		};
/* End PBXVariantGroup section */

/* Begin XCBuildConfiguration section */
		68A7CF341E70D6170043EAE3 /* Debug */ = {
			isa = XCBuildConfiguration;
			buildSettings = {
				ALWAYS_SEARCH_USER_PATHS = NO;
				CLANG_ANALYZER_NONNULL = YES;
				CLANG_CXX_LANGUAGE_STANDARD = "gnu++0x";
				CLANG_CXX_LIBRARY = "libc++";
				CLANG_ENABLE_MODULES = YES;
				CLANG_ENABLE_OBJC_ARC = YES;
				CLANG_WARN_BOOL_CONVERSION = YES;
				CLANG_WARN_CONSTANT_CONVERSION = YES;
				CLANG_WARN_DIRECT_OBJC_ISA_USAGE = YES_ERROR;
				CLANG_WARN_DOCUMENTATION_COMMENTS = YES;
				CLANG_WARN_EMPTY_BODY = YES;
				CLANG_WARN_ENUM_CONVERSION = YES;
				CLANG_WARN_INFINITE_RECURSION = YES;
				CLANG_WARN_INT_CONVERSION = YES;
				CLANG_WARN_OBJC_ROOT_CLASS = YES_ERROR;
				CLANG_WARN_SUSPICIOUS_MOVE = YES;
				CLANG_WARN_UNREACHABLE_CODE = YES;
				CLANG_WARN__DUPLICATE_METHOD_MATCH = YES;
				"CODE_SIGN_IDENTITY[sdk=iphoneos*]" = "iPhone Developer";
				COPY_PHASE_STRIP = NO;
				DEBUG_INFORMATION_FORMAT = dwarf;
				ENABLE_STRICT_OBJC_MSGSEND = YES;
				ENABLE_TESTABILITY = YES;
				GCC_C_LANGUAGE_STANDARD = gnu99;
				GCC_DYNAMIC_NO_PIC = NO;
				GCC_NO_COMMON_BLOCKS = YES;
				GCC_OPTIMIZATION_LEVEL = 0;
				GCC_PREPROCESSOR_DEFINITIONS = (
					"DEBUG=1",
					"$(inherited)",
				);
				GCC_WARN_64_TO_32_BIT_CONVERSION = YES;
				GCC_WARN_ABOUT_RETURN_TYPE = YES_ERROR;
				GCC_WARN_UNDECLARED_SELECTOR = YES;
				GCC_WARN_UNINITIALIZED_AUTOS = YES_AGGRESSIVE;
				GCC_WARN_UNUSED_FUNCTION = YES;
				GCC_WARN_UNUSED_VARIABLE = YES;
				IPHONEOS_DEPLOYMENT_TARGET = 10.0;
				MTL_ENABLE_DEBUG_INFO = YES;
				ONLY_ACTIVE_ARCH = YES;
				SDKROOT = iphoneos;
				SWIFT_ACTIVE_COMPILATION_CONDITIONS = DEBUG;
				SWIFT_OPTIMIZATION_LEVEL = "-Onone";
				TARGETED_DEVICE_FAMILY = "1,2";
			};
			name = Debug;
		};
		68A7CF351E70D6170043EAE3 /* Release */ = {
			isa = XCBuildConfiguration;
			buildSettings = {
				ALWAYS_SEARCH_USER_PATHS = NO;
				CLANG_ANALYZER_NONNULL = YES;
				CLANG_CXX_LANGUAGE_STANDARD = "gnu++0x";
				CLANG_CXX_LIBRARY = "libc++";
				CLANG_ENABLE_MODULES = YES;
				CLANG_ENABLE_OBJC_ARC = YES;
				CLANG_WARN_BOOL_CONVERSION = YES;
				CLANG_WARN_CONSTANT_CONVERSION = YES;
				CLANG_WARN_DIRECT_OBJC_ISA_USAGE = YES_ERROR;
				CLANG_WARN_DOCUMENTATION_COMMENTS = YES;
				CLANG_WARN_EMPTY_BODY = YES;
				CLANG_WARN_ENUM_CONVERSION = YES;
				CLANG_WARN_INFINITE_RECURSION = YES;
				CLANG_WARN_INT_CONVERSION = YES;
				CLANG_WARN_OBJC_ROOT_CLASS = YES_ERROR;
				CLANG_WARN_SUSPICIOUS_MOVE = YES;
				CLANG_WARN_UNREACHABLE_CODE = YES;
				CLANG_WARN__DUPLICATE_METHOD_MATCH = YES;
				"CODE_SIGN_IDENTITY[sdk=iphoneos*]" = "iPhone Developer";
				COPY_PHASE_STRIP = NO;
				DEBUG_INFORMATION_FORMAT = "dwarf-with-dsym";
				ENABLE_NS_ASSERTIONS = NO;
				ENABLE_STRICT_OBJC_MSGSEND = YES;
				GCC_C_LANGUAGE_STANDARD = gnu99;
				GCC_NO_COMMON_BLOCKS = YES;
				GCC_WARN_64_TO_32_BIT_CONVERSION = YES;
				GCC_WARN_ABOUT_RETURN_TYPE = YES_ERROR;
				GCC_WARN_UNDECLARED_SELECTOR = YES;
				GCC_WARN_UNINITIALIZED_AUTOS = YES_AGGRESSIVE;
				GCC_WARN_UNUSED_FUNCTION = YES;
				GCC_WARN_UNUSED_VARIABLE = YES;
				IPHONEOS_DEPLOYMENT_TARGET = 10.0;
				MTL_ENABLE_DEBUG_INFO = NO;
				SDKROOT = iphoneos;
				SWIFT_OPTIMIZATION_LEVEL = "-Owholemodule";
				TARGETED_DEVICE_FAMILY = "1,2";
				VALIDATE_PRODUCT = YES;
			};
			name = Release;
		};
		68A7CF371E70D6170043EAE3 /* Debug */ = {
			isa = XCBuildConfiguration;
			baseConfigurationReference = 8A4C388DA1002DAA728BD051 /* Pods-AppleTutorial.debug.xcconfig */;
			buildSettings = {
				ASSETCATALOG_COMPILER_APPICON_NAME = AppIcon;
				DEVELOPMENT_TEAM = UZBFBMPQ9J;
				INFOPLIST_FILE = AppleTutorial/Info.plist;
				LD_RUNPATH_SEARCH_PATHS = "$(inherited) @executable_path/Frameworks";
				PRODUCT_BUNDLE_IDENTIFIER = minthukyaw.AppleTutorial;
				PRODUCT_NAME = "$(TARGET_NAME)";
				SWIFT_VERSION = 3.0;
			};
			name = Debug;
		};
		68A7CF381E70D6170043EAE3 /* Release */ = {
			isa = XCBuildConfiguration;
			baseConfigurationReference = C220CA86166D4C17414A33E5 /* Pods-AppleTutorial.release.xcconfig */;
			buildSettings = {
				ASSETCATALOG_COMPILER_APPICON_NAME = AppIcon;
				DEVELOPMENT_TEAM = UZBFBMPQ9J;
				INFOPLIST_FILE = AppleTutorial/Info.plist;
				LD_RUNPATH_SEARCH_PATHS = "$(inherited) @executable_path/Frameworks";
				PRODUCT_BUNDLE_IDENTIFIER = minthukyaw.AppleTutorial;
				PRODUCT_NAME = "$(TARGET_NAME)";
				SWIFT_VERSION = 3.0;
			};
			name = Release;
		};
		68A7CF3A1E70D6170043EAE3 /* Debug */ = {
			isa = XCBuildConfiguration;
			buildSettings = {
				ALWAYS_EMBED_SWIFT_STANDARD_LIBRARIES = YES;
				BUNDLE_LOADER = "$(TEST_HOST)";
				DEVELOPMENT_TEAM = UZBFBMPQ9J;
				INFOPLIST_FILE = AppleTutorialTests/Info.plist;
				LD_RUNPATH_SEARCH_PATHS = "$(inherited) @executable_path/Frameworks @loader_path/Frameworks";
				PRODUCT_BUNDLE_IDENTIFIER = minthukyaw.AppleTutorialTests;
				PRODUCT_NAME = "$(TARGET_NAME)";
				SWIFT_VERSION = 3.0;
				TEST_HOST = "$(BUILT_PRODUCTS_DIR)/AppleTutorial.app/AppleTutorial";
			};
			name = Debug;
		};
		68A7CF3B1E70D6170043EAE3 /* Release */ = {
			isa = XCBuildConfiguration;
			buildSettings = {
				ALWAYS_EMBED_SWIFT_STANDARD_LIBRARIES = YES;
				BUNDLE_LOADER = "$(TEST_HOST)";
				DEVELOPMENT_TEAM = UZBFBMPQ9J;
				INFOPLIST_FILE = AppleTutorialTests/Info.plist;
				LD_RUNPATH_SEARCH_PATHS = "$(inherited) @executable_path/Frameworks @loader_path/Frameworks";
				PRODUCT_BUNDLE_IDENTIFIER = minthukyaw.AppleTutorialTests;
				PRODUCT_NAME = "$(TARGET_NAME)";
				SWIFT_VERSION = 3.0;
				TEST_HOST = "$(BUILT_PRODUCTS_DIR)/AppleTutorial.app/AppleTutorial";
			};
			name = Release;
		};
		68A7CF3D1E70D6170043EAE3 /* Debug */ = {
			isa = XCBuildConfiguration;
			buildSettings = {
				ALWAYS_EMBED_SWIFT_STANDARD_LIBRARIES = YES;
				DEVELOPMENT_TEAM = UZBFBMPQ9J;
				INFOPLIST_FILE = AppleTutorialUITests/Info.plist;
				LD_RUNPATH_SEARCH_PATHS = "$(inherited) @executable_path/Frameworks @loader_path/Frameworks";
				PRODUCT_BUNDLE_IDENTIFIER = minthukyaw.AppleTutorialUITests;
				PRODUCT_NAME = "$(TARGET_NAME)";
				SWIFT_VERSION = 3.0;
				TEST_TARGET_NAME = AppleTutorial;
			};
			name = Debug;
		};
		68A7CF3E1E70D6170043EAE3 /* Release */ = {
			isa = XCBuildConfiguration;
			buildSettings = {
				ALWAYS_EMBED_SWIFT_STANDARD_LIBRARIES = YES;
				DEVELOPMENT_TEAM = UZBFBMPQ9J;
				INFOPLIST_FILE = AppleTutorialUITests/Info.plist;
				LD_RUNPATH_SEARCH_PATHS = "$(inherited) @executable_path/Frameworks @loader_path/Frameworks";
				PRODUCT_BUNDLE_IDENTIFIER = minthukyaw.AppleTutorialUITests;
				PRODUCT_NAME = "$(TARGET_NAME)";
				SWIFT_VERSION = 3.0;
				TEST_TARGET_NAME = AppleTutorial;
			};
			name = Release;
		};
/* End XCBuildConfiguration section */

/* Begin XCConfigurationList section */
		68A7CF061E70D6170043EAE3 /* Build configuration list for PBXProject "AppleTutorial" */ = {
			isa = XCConfigurationList;
			buildConfigurations = (
				68A7CF341E70D6170043EAE3 /* Debug */,
				68A7CF351E70D6170043EAE3 /* Release */,
			);
			defaultConfigurationIsVisible = 0;
			defaultConfigurationName = Release;
		};
		68A7CF361E70D6170043EAE3 /* Build configuration list for PBXNativeTarget "AppleTutorial" */ = {
			isa = XCConfigurationList;
			buildConfigurations = (
				68A7CF371E70D6170043EAE3 /* Debug */,
				68A7CF381E70D6170043EAE3 /* Release */,
			);
			defaultConfigurationIsVisible = 0;
			defaultConfigurationName = Release;
		};
		68A7CF391E70D6170043EAE3 /* Build configuration list for PBXNativeTarget "AppleTutorialTests" */ = {
			isa = XCConfigurationList;
			buildConfigurations = (
				68A7CF3A1E70D6170043EAE3 /* Debug */,
				68A7CF3B1E70D6170043EAE3 /* Release */,
			);
			defaultConfigurationIsVisible = 0;
			defaultConfigurationName = Release;
		};
		68A7CF3C1E70D6170043EAE3 /* Build configuration list for PBXNativeTarget "AppleTutorialUITests" */ = {
			isa = XCConfigurationList;
			buildConfigurations = (
				68A7CF3D1E70D6170043EAE3 /* Debug */,
				68A7CF3E1E70D6170043EAE3 /* Release */,
			);
			defaultConfigurationIsVisible = 0;
			defaultConfigurationName = Release;
		};
/* End XCConfigurationList section */

/* Begin XCVersionGroup section */
		6855DC911E7B8E1D00C5253F /* Model1.xcdatamodeld */ = {
			isa = XCVersionGroup;
			children = (
				6855DC921E7B8E1D00C5253F /* Model1.xcdatamodel */,
			);
			currentVersion = 6855DC921E7B8E1D00C5253F /* Model1.xcdatamodel */;
			path = Model1.xcdatamodeld;
			sourceTree = "<group>";
			versionGroupType = wrapper.xcdatamodel;
		};
/* End XCVersionGroup section */
	};
	rootObject = 68A7CF031E70D6170043EAE3 /* Project object */;
}
